
Microsoft Visual Studio Solution File, Format Version 12.00
# Visual Studio Version 17
VisualStudioVersion = 17.1.32319.34
MinimumVisualStudioVersion = 10.0.40219.1
Project("{FAE04EC0-301F-11D3-BF4B-00C04F79EFBC}") = "DamkaUI", "DamkaUI\DamkaUI.csproj", "{72835A1C-80DC-45A0-B1CD-CB09CAABEF40}"
EndProject
Project("{FAE04EC0-301F-11D3-BF4B-00C04F79EFBC}") = "Back", "Back\Back.csproj", "{15F30C49-492D-42F2-A256-4EA739A8CC66}"
EndProject
Global
	GlobalSection(SolutionConfigurationPlatforms) = preSolution
		Debug|Any CPU = Debug|Any CPU
		Release|Any CPU = Release|Any CPU
	EndGlobalSection
	GlobalSection(ProjectConfigurationPlatforms) = postSolution
		{72835A1C-80DC-45A0-B1CD-CB09CAABEF40}.Debug|Any CPU.ActiveCfg = Debug|Any CPU
		{72835A1C-80DC-45A0-B1CD-CB09CAABEF40}.Debug|Any CPU.Build.0 = Debug|Any CPU
		{72835A1C-80DC-45A0-B1CD-CB09CAABEF40}.Release|Any CPU.ActiveCfg = Release|Any CPU
		{72835A1C-80DC-45A0-B1CD-CB09CAABEF40}.Release|Any CPU.Build.0 = Release|Any CPU
		{15F30C49-492D-42F2-A256-4EA739A8CC66}.Debug|Any CPU.ActiveCfg = Debug|Any CPU
		{15F30C49-492D-42F2-A256-4EA739A8CC66}.Debug|Any CPU.Build.0 = Debug|Any CPU
		{15F30C49-492D-42F2-A256-4EA739A8CC66}.Release|Any CPU.ActiveCfg = Release|Any CPU
		{15F30C49-492D-42F2-A256-4EA739A8CC66}.Release|Any CPU.Build.0 = Release|Any CPU
	EndGlobalSection
	GlobalSection(SolutionProperties) = preSolution
		HideSolutionNode = FALSE
	EndGlobalSection
	GlobalSection(ExtensibilityGlobals) = postSolution
		SolutionGuid = {008234BB-72FE-4FC3-BC04-0AB6ADB0C280}
	EndGlobalSection
EndGlobal
